
Microsoft Visual Studio Solution File, Format Version 12.00
# Visual Studio 15
VisualStudioVersion = 15.0.28307.271
MinimumVisualStudioVersion = 10.0.40219.1
Project("{9A19103F-16F7-4668-BE54-9A1E7A4F7556}") = "Feedler.WebApi", "Feedler\Feedler.WebApi.csproj", "{178B1838-C394-4F92-8586-8B53B1060CEC}"
EndProject
Project("{FAE04EC0-301F-11D3-BF4B-00C04F79EFBC}") = "Feedler.BLL", "Feedler.BLL\Feedler.BLL.csproj", "{1601C0B4-CBB9-43BE-A077-70EE3C026E07}"
EndProject
Project("{FAE04EC0-301F-11D3-BF4B-00C04F79EFBC}") = "Feedler.DAL", "Feedler.DAL\Feedler.DAL.csproj", "{15985B29-4F97-48AB-917A-22A8E9BF5A30}"
EndProject
Global
	GlobalSection(SolutionConfigurationPlatforms) = preSolution
		Debug|Any CPU = Debug|Any CPU
		Release|Any CPU = Release|Any CPU
	EndGlobalSection
	GlobalSection(ProjectConfigurationPlatforms) = postSolution
		{178B1838-C394-4F92-8586-8B53B1060CEC}.Debug|Any CPU.ActiveCfg = Debug|Any CPU
		{178B1838-C394-4F92-8586-8B53B1060CEC}.Debug|Any CPU.Build.0 = Debug|Any CPU
		{178B1838-C394-4F92-8586-8B53B1060CEC}.Release|Any CPU.ActiveCfg = Release|Any CPU
		{178B1838-C394-4F92-8586-8B53B1060CEC}.Release|Any CPU.Build.0 = Release|Any CPU
		{1601C0B4-CBB9-43BE-A077-70EE3C026E07}.Debug|Any CPU.ActiveCfg = Debug|Any CPU
		{1601C0B4-CBB9-43BE-A077-70EE3C026E07}.Debug|Any CPU.Build.0 = Debug|Any CPU
		{1601C0B4-CBB9-43BE-A077-70EE3C026E07}.Release|Any CPU.ActiveCfg = Release|Any CPU
		{1601C0B4-CBB9-43BE-A077-70EE3C026E07}.Release|Any CPU.Build.0 = Release|Any CPU
		{15985B29-4F97-48AB-917A-22A8E9BF5A30}.Debug|Any CPU.ActiveCfg = Debug|Any CPU
		{15985B29-4F97-48AB-917A-22A8E9BF5A30}.Debug|Any CPU.Build.0 = Debug|Any CPU
		{15985B29-4F97-48AB-917A-22A8E9BF5A30}.Release|Any CPU.ActiveCfg = Release|Any CPU
		{15985B29-4F97-48AB-917A-22A8E9BF5A30}.Release|Any CPU.Build.0 = Release|Any CPU
	EndGlobalSection
	GlobalSection(SolutionProperties) = preSolution
		HideSolutionNode = FALSE
	EndGlobalSection
	GlobalSection(ExtensibilityGlobals) = postSolution
		SolutionGuid = {FA4B9B22-69CB-49D7-8BB5-31A5153DF35F}
	EndGlobalSection
EndGlobal
